
Microsoft Visual Studio Solution File, Format Version 12.00
# Visual Studio 15
VisualStudioVersion = 15.0.28010.2048
MinimumVisualStudioVersion = 10.0.40219.1
Project("{8BC9CEB8-8B4A-11D0-8D11-00A0C91BC942}") = "ChangeDefaultProgramsInWin10", "ChangeDefaultProgramsInWin10\ChangeDefaultProgramsInWin10.vcxproj", "{6C43E351-383D-4E6F-A22B-455F6BA72FA4}"
EndProject
Global
	GlobalSection(SolutionConfigurationPlatforms) = preSolution
		Debug|x64 = Debug|x64
		Debug|x86 = Debug|x86
		Release|x64 = Release|x64
		Release|x86 = Release|x86
	EndGlobalSection
	GlobalSection(ProjectConfigurationPlatforms) = postSolution
		{6C43E351-383D-4E6F-A22B-455F6BA72FA4}.Debug|x64.ActiveCfg = Debug|x64
		{6C43E351-383D-4E6F-A22B-455F6BA72FA4}.Debug|x64.Build.0 = Debug|x64
		{6C43E351-383D-4E6F-A22B-455F6BA72FA4}.Debug|x86.ActiveCfg = Debug|Win32
		{6C43E351-383D-4E6F-A22B-455F6BA72FA4}.Debug|x86.Build.0 = Debug|Win32
		{6C43E351-383D-4E6F-A22B-455F6BA72FA4}.Release|x64.ActiveCfg = Release|x64
		{6C43E351-383D-4E6F-A22B-455F6BA72FA4}.Release|x64.Build.0 = Release|x64
		{6C43E351-383D-4E6F-A22B-455F6BA72FA4}.Release|x86.ActiveCfg = Release|Win32
		{6C43E351-383D-4E6F-A22B-455F6BA72FA4}.Release|x86.Build.0 = Release|Win32
	EndGlobalSection
	GlobalSection(SolutionProperties) = preSolution
		HideSolutionNode = FALSE
	EndGlobalSection
	GlobalSection(ExtensibilityGlobals) = postSolution
		SolutionGuid = {42A19DD0-DF4A-41CB-BB4E-432B7616357F}
	EndGlobalSection
EndGlobal
